{
  "name": "@definetool/sync-files",
  "version": "1.0.0",
  "lockfileVersion": 2,
  "requires": true,
  "packages": {
    "": {
      "name": "@definetool/sync-files",
      "version": "1.0.0",
      "license": "MIT",
      "dependencies": {
        "@definejs/array": "^1.1.0",
        "@definejs/date": "^1.1.0",
        "@definejs/directory": "^2.0.3",
        "@definejs/file": "^2.0.1",
        "@definejs/md5": "^2.0.0",
        "@definejs/path": "^2.0.1",
        "@definejs/patterns": "^1.0.2",
        "@definejs/string": "^1.0.0",
        "@definejs/timer": "^1.0.1",
        "@webpart/console": "^2.1.0",
        "colors": "^1.4.0",
        "progress": "^2.0.3"
      }
    },
    "node_modules/@definejs/array": {
      "version": "1.1.0",
      "resolved": "https://registry.npmjs.org/@definejs/array/-/array-1.1.0.tgz",
      "integrity": "sha512-1x0XUdDVT4ecVqbR1vl68whhRCCyO8BiFPRXl2tyWsuqubkNNlXL3PtedytvPexpExqX0Bedlkj8DnXYH2fj5g=="
    },
    "node_modules/@definejs/date": {
      "version": "1.1.0",
      "resolved": "https://registry.npmjs.org/@definejs/date/-/date-1.1.0.tgz",
      "integrity": "sha512-CaBw+hJ7TFLRjerl6uJrCzAMieuH92yQvs2xu6Oa2vi8+FzK0X0vP5p4CPoL8JdZfFZM6+AI7lFLUBLhdcnhtg==",
      "dependencies": {
        "@definejs/string": "^1.0.0"
      }
    },
    "node_modules/@definejs/directory": {
      "version": "2.0.3",
      "resolved": "https://registry.npmjs.org/@definejs/directory/-/directory-2.0.3.tgz",
      "integrity": "sha512-s3klKNv8B2uXzD9bGt8r3Y1aksoVv9dNCuz1Dx9/DYJSHsrWFJD6THy9IrVAPGY36jnoYW1pe9TXyoLuu0mMaQ==",
      "dependencies": {
        "@definejs/path": "^2.0.1"
      }
    },
    "node_modules/@definejs/emitter": {
      "version": "1.1.0",
      "resolved": "https://registry.npmjs.org/@definejs/emitter/-/emitter-1.1.0.tgz",
      "integrity": "sha512-7AKesFRz+6K5UDl/RFLfRszdNsDdtmeipj/8dqARhPV/BemDSLP/UqXUJYr5ALSpv/Lzc+PnDBGASJEfNuYVwQ==",
      "dependencies": {
        "@definejs/object": "^1.1.0",
        "@definejs/tree": "^1.0.0"
      }
    },
    "node_modules/@definejs/file": {
      "version": "2.0.1",
      "resolved": "https://registry.npmjs.org/@definejs/file/-/file-2.0.1.tgz",
      "integrity": "sha512-+l/uS+SQD8DRCutgBh7qlh3SBPF7qOjTk2UHBRKL7eCQky3GhA8it66hAKIVrsi1/3+sW2GdzMNpyJKTa1IHtw==",
      "dependencies": {
        "@definejs/directory": "^2.0.2",
        "iconv-lite": "^0.6.2"
      }
    },
    "node_modules/@definejs/md5": {
      "version": "2.0.0",
      "resolved": "https://registry.npmjs.org/@definejs/md5/-/md5-2.0.0.tgz",
      "integrity": "sha512-Nw26vUCo0DkAWOQW0B5DTjHKQKYSc8ahDvxlLk4cLKU5eti47yVVXyh/7hUAqEPiwqsVurLPPF20rDv8VvS4+A=="
    },
    "node_modules/@definejs/object": {
      "version": "1.1.0",
      "resolved": "https://registry.npmjs.org/@definejs/object/-/object-1.1.0.tgz",
      "integrity": "sha512-3U9yjE0a4oFXR6n19VXZB0W5lpHZRox39vjV2sE288OCMv1L6KLreEdGi0Hmo5w490KHpT9Gtvtkz4Xih7D6ug=="
    },
    "node_modules/@definejs/path": {
      "version": "2.0.1",
      "resolved": "https://registry.npmjs.org/@definejs/path/-/path-2.0.1.tgz",
      "integrity": "sha512-PMNdSIP/VQvX7R94Yvjb4hGA0/n3k2MVnONjV8j2RtxDACAD6R67Ek8ezc7C5dDdwvT2IaYxaaqXeltyLRStyg=="
    },
    "node_modules/@definejs/patterns": {
      "version": "1.0.2",
      "resolved": "https://registry.npmjs.org/@definejs/patterns/-/patterns-1.0.2.tgz",
      "integrity": "sha512-PcejA0Fy/MgJcg5MBaMlG/C0bRGvBi4Z6uujYGnnepy7W4UkkhgMDM9TvDyY3kwYHmMgBf18314yGgLiFbMXDw==",
      "dependencies": {
        "@definejs/directory": "^2.0.2",
        "@definejs/path": "^2.0.1",
        "minimatch": "^3.0.4"
      }
    },
    "node_modules/@definejs/string": {
      "version": "1.0.0",
      "resolved": "https://registry.npmjs.org/@definejs/string/-/string-1.0.0.tgz",
      "integrity": "sha512-w07CpqHYu6th6y+n5jic6ZUdiB19GPzuq8LGHqpSky8R28ugA1uIDkFodd5tt9dokD00pLd4nFY6bO8JuLYxxQ=="
    },
    "node_modules/@definejs/timer": {
      "version": "1.0.1",
      "resolved": "https://registry.npmjs.org/@definejs/timer/-/timer-1.0.1.tgz",
      "integrity": "sha512-g0vMGHCkU4Q/vfgrdqj9QtTPsL6qkyAG+CM0g/D9Hqf83ysUI1RuNfmCbxgFS6/LCqvaVgf0klOmxkFgpIkdTg=="
    },
    "node_modules/@definejs/tree": {
      "version": "1.0.5",
      "resolved": "https://registry.npmjs.org/@definejs/tree/-/tree-1.0.5.tgz",
      "integrity": "sha512-PlR/ya/XgoIWasFvuLns32zhMHDaOJNwQjf5EKA6DKKJfe1ZuF4UdxUiXB7hEoQf7Ffd6ZT2aR+VoTrGyi+N6w=="
    },
    "node_modules/@webpart/console": {
      "version": "2.1.0",
      "resolved": "https://registry.npmjs.org/@webpart/console/-/console-2.1.0.tgz",
      "integrity": "sha512-oc8/ATwljhEBElukWZgbPIy4YVdN8xGtJecXFkXLgpg5r65HDNflPO/yDTiswQvXbq4UwSG+klm98rrzf+7h4A==",
      "dependencies": {
        "@definejs/emitter": "^1.0.5",
        "@definejs/file": "^1.0.0"
      }
    },
    "node_modules/@webpart/console/node_modules/@definejs/directory": {
      "version": "1.0.1",
      "resolved": "https://registry.npmjs.org/@definejs/directory/-/directory-1.0.1.tgz",
      "integrity": "sha512-/mykHc6C+D9tkYLnP2g4v60fjOvzmW87em6QeJp1Fna8kbH0ScOvjhbS9MkYjUqFnBv5HbIdViV9d3QvXy1n7g==",
      "dependencies": {
        "@definejs/file": "^1.0.0"
      }
    },
    "node_modules/@webpart/console/node_modules/@definejs/file": {
      "version": "1.0.0",
      "resolved": "https://registry.npmjs.org/@definejs/file/-/file-1.0.0.tgz",
      "integrity": "sha512-OypKNgeYgkHdwNDSjUVD/LVKIOk0nWcLXfElbDnZHDIn5pbNr4n2RvPqvTM6mBNjE9IuBdY5NF80EAITZSdqIw==",
      "dependencies": {
        "@definejs/directory": "^1.0.0",
        "@definejs/object": "^1.1.0",
        "colors": "^1.4.0",
        "iconv-lite": "^0.6.2"
      }
    },
    "node_modules/balanced-match": {
      "version": "1.0.2",
      "resolved": "https://registry.npmjs.org/balanced-match/-/balanced-match-1.0.2.tgz",
      "integrity": "sha512-3oSeUO0TMV67hN1AmbXsK4yaqU7tjiHlbxRDZOpH0KW9+CeX4bRAaX0Anxt0tx2MrpRpWwQaPwIlISEJhYU5Pw=="
    },
    "node_modules/brace-expansion": {
      "version": "1.1.11",
      "resolved": "https://registry.npmjs.org/brace-expansion/-/brace-expansion-1.1.11.tgz",
      "integrity": "sha512-iCuPHDFgrHX7H2vEI/5xpz07zSHB00TpugqhmYtVmMO6518mCuRMoOYFldEBl0g187ufozdaHgWKcYFb61qGiA==",
      "dependencies": {
        "balanced-match": "^1.0.0",
        "concat-map": "0.0.1"
      }
    },
    "node_modules/colors": {
      "version": "1.4.0",
      "resolved": "https://registry.npmjs.org/colors/-/colors-1.4.0.tgz",
      "integrity": "sha512-a+UqTh4kgZg/SlGvfbzDHpgRu7AAQOmmqRHJnxhRZICKFUT91brVhNNt58CMWU9PsBbv3PDCZUHbVxuDiH2mtA==",
      "engines": {
        "node": ">=0.1.90"
      }
    },
    "node_modules/concat-map": {
      "version": "0.0.1",
      "resolved": "https://registry.npmjs.org/concat-map/-/concat-map-0.0.1.tgz",
      "integrity": "sha1-2Klr13/Wjfd5OnMDajug1UBdR3s="
    },
    "node_modules/iconv-lite": {
      "version": "0.6.3",
      "resolved": "https://registry.npmjs.org/iconv-lite/-/iconv-lite-0.6.3.tgz",
      "integrity": "sha512-4fCk79wshMdzMp2rH06qWrJE4iolqLhCUH+OiuIgU++RB0+94NlDL81atO7GX55uUKueo0txHNtvEyI6D7WdMw==",
      "dependencies": {
        "safer-buffer": ">= 2.1.2 < 3.0.0"
      },
      "engines": {
        "node": ">=0.10.0"
      }
    },
    "node_modules/minimatch": {
      "version": "3.0.4",
      "resolved": "https://registry.npmjs.org/minimatch/-/minimatch-3.0.4.tgz",
      "integrity": "sha512-yJHVQEhyqPLUTgt9B83PXu6W3rx4MvvHvSUvToogpwoGDOUQ+yDrR0HRot+yOCdCO7u4hX3pWft6kWBBcqh0UA==",
      "dependencies": {
        "brace-expansion": "^1.1.7"
      },
      "engines": {
        "node": "*"
      }
    },
    "node_modules/progress": {
      "version": "2.0.3",
      "resolved": "https://registry.npmjs.org/progress/-/progress-2.0.3.tgz",
      "integrity": "sha512-7PiHtLll5LdnKIMw100I+8xJXR5gW2QwWYkT6iJva0bXitZKa/XMrSbdmg3r2Xnaidz9Qumd0VPaMrZlF9V9sA==",
      "engines": {
        "node": ">=0.4.0"
      }
    },
    "node_modules/safer-buffer": {
      "version": "2.1.2",
      "resolved": "https://registry.npmjs.org/safer-buffer/-/safer-buffer-2.1.2.tgz",
      "integrity": "sha512-YZo3K82SD7Riyi0E1EQPojLz7kpepnSQI9IyPbHHg1XXXevb5dJI7tpyN2ADxGcQbHG7vcyRHk0cbwqcQriUtg=="
    }
  },
  "dependencies": {
    "@definejs/array": {
      "version": "1.1.0",
      "resolved": "https://registry.npmjs.org/@definejs/array/-/array-1.1.0.tgz",
      "integrity": "sha512-1x0XUdDVT4ecVqbR1vl68whhRCCyO8BiFPRXl2tyWsuqubkNNlXL3PtedytvPexpExqX0Bedlkj8DnXYH2fj5g=="
    },
    "@definejs/date": {
      "version": "1.1.0",
      "resolved": "https://registry.npmjs.org/@definejs/date/-/date-1.1.0.tgz",
      "integrity": "sha512-CaBw+hJ7TFLRjerl6uJrCzAMieuH92yQvs2xu6Oa2vi8+FzK0X0vP5p4CPoL8JdZfFZM6+AI7lFLUBLhdcnhtg==",
      "requires": {
        "@definejs/string": "^1.0.0"
      }
    },
    "@definejs/directory": {
      "version": "2.0.3",
      "resolved": "https://registry.npmjs.org/@definejs/directory/-/directory-2.0.3.tgz",
      "integrity": "sha512-s3klKNv8B2uXzD9bGt8r3Y1aksoVv9dNCuz1Dx9/DYJSHsrWFJD6THy9IrVAPGY36jnoYW1pe9TXyoLuu0mMaQ==",
      "requires": {
        "@definejs/path": "^2.0.1"
      }
    },
    "@definejs/emitter": {
      "version": "1.1.0",
      "resolved": "https://registry.npmjs.org/@definejs/emitter/-/emitter-1.1.0.tgz",
      "integrity": "sha512-7AKesFRz+6K5UDl/RFLfRszdNsDdtmeipj/8dqARhPV/BemDSLP/UqXUJYr5ALSpv/Lzc+PnDBGASJEfNuYVwQ==",
      "requires": {
        "@definejs/object": "^1.1.0",
        "@definejs/tree": "^1.0.0"
      }
    },
    "@definejs/file": {
      "version": "2.0.1",
      "resolved": "https://registry.npmjs.org/@definejs/file/-/file-2.0.1.tgz",
      "integrity": "sha512-+l/uS+SQD8DRCutgBh7qlh3SBPF7qOjTk2UHBRKL7eCQky3GhA8it66hAKIVrsi1/3+sW2GdzMNpyJKTa1IHtw==",
      "requires": {
        "@definejs/directory": "^2.0.2",
        "iconv-lite": "^0.6.2"
      }
    },
    "@definejs/md5": {
      "version": "2.0.0",
      "resolved": "https://registry.npmjs.org/@definejs/md5/-/md5-2.0.0.tgz",
      "integrity": "sha512-Nw26vUCo0DkAWOQW0B5DTjHKQKYSc8ahDvxlLk4cLKU5eti47yVVXyh/7hUAqEPiwqsVurLPPF20rDv8VvS4+A=="
    },
    "@definejs/object": {
      "version": "1.1.0",
      "resolved": "https://registry.npmjs.org/@definejs/object/-/object-1.1.0.tgz",
      "integrity": "sha512-3U9yjE0a4oFXR6n19VXZB0W5lpHZRox39vjV2sE288OCMv1L6KLreEdGi0Hmo5w490KHpT9Gtvtkz4Xih7D6ug=="
    },
    "@definejs/path": {
      "version": "2.0.1",
      "resolved": "https://registry.npmjs.org/@definejs/path/-/path-2.0.1.tgz",
      "integrity": "sha512-PMNdSIP/VQvX7R94Yvjb4hGA0/n3k2MVnONjV8j2RtxDACAD6R67Ek8ezc7C5dDdwvT2IaYxaaqXeltyLRStyg=="
    },
    "@definejs/patterns": {
      "version": "1.0.2",
      "resolved": "https://registry.npmjs.org/@definejs/patterns/-/patterns-1.0.2.tgz",
      "integrity": "sha512-PcejA0Fy/MgJcg5MBaMlG/C0bRGvBi4Z6uujYGnnepy7W4UkkhgMDM9TvDyY3kwYHmMgBf18314yGgLiFbMXDw==",
      "requires": {
        "@definejs/directory": "^2.0.2",
        "@definejs/path": "^2.0.1",
        "minimatch": "^3.0.4"
      }
    },
    "@definejs/string": {
      "version": "1.0.0",
      "resolved": "https://registry.npmjs.org/@definejs/string/-/string-1.0.0.tgz",
      "integrity": "sha512-w07CpqHYu6th6y+n5jic6ZUdiB19GPzuq8LGHqpSky8R28ugA1uIDkFodd5tt9dokD00pLd4nFY6bO8JuLYxxQ=="
    },
    "@definejs/timer": {
      "version": "1.0.1",
      "resolved": "https://registry.npmjs.org/@definejs/timer/-/timer-1.0.1.tgz",
      "integrity": "sha512-g0vMGHCkU4Q/vfgrdqj9QtTPsL6qkyAG+CM0g/D9Hqf83ysUI1RuNfmCbxgFS6/LCqvaVgf0klOmxkFgpIkdTg=="
    },
    "@definejs/tree": {
      "version": "1.0.5",
      "resolved": "https://registry.npmjs.org/@definejs/tree/-/tree-1.0.5.tgz",
      "integrity": "sha512-PlR/ya/XgoIWasFvuLns32zhMHDaOJNwQjf5EKA6DKKJfe1ZuF4UdxUiXB7hEoQf7Ffd6ZT2aR+VoTrGyi+N6w=="
    },
    "@webpart/console": {
      "version": "2.1.0",
      "resolved": "https://registry.npmjs.org/@webpart/console/-/console-2.1.0.tgz",
      "integrity": "sha512-oc8/ATwljhEBElukWZgbPIy4YVdN8xGtJecXFkXLgpg5r65HDNflPO/yDTiswQvXbq4UwSG+klm98rrzf+7h4A==",
      "requires": {
        "@definejs/emitter": "^1.0.5",
        "@definejs/file": "^1.0.0"
      },
      "dependencies": {
        "@definejs/directory": {
          "version": "1.0.1",
          "resolved": "https://registry.npmjs.org/@definejs/directory/-/directory-1.0.1.tgz",
          "integrity": "sha512-/mykHc6C+D9tkYLnP2g4v60fjOvzmW87em6QeJp1Fna8kbH0ScOvjhbS9MkYjUqFnBv5HbIdViV9d3QvXy1n7g==",
          "requires": {
            "@definejs/file": "^1.0.0"
          }
        },
        "@definejs/file": {
          "version": "1.0.0",
          "resolved": "https://registry.npmjs.org/@definejs/file/-/file-1.0.0.tgz",
          "integrity": "sha512-OypKNgeYgkHdwNDSjUVD/LVKIOk0nWcLXfElbDnZHDIn5pbNr4n2RvPqvTM6mBNjE9IuBdY5NF80EAITZSdqIw==",
          "requires": {
            "@definejs/directory": "^1.0.0",
            "@definejs/object": "^1.1.0",
            "colors": "^1.4.0",
            "iconv-lite": "^0.6.2"
          }
        }
      }
    },
    "balanced-match": {
      "version": "1.0.2",
      "resolved": "https://registry.npmjs.org/balanced-match/-/balanced-match-1.0.2.tgz",
      "integrity": "sha512-3oSeUO0TMV67hN1AmbXsK4yaqU7tjiHlbxRDZOpH0KW9+CeX4bRAaX0Anxt0tx2MrpRpWwQaPwIlISEJhYU5Pw=="
    },
    "brace-expansion": {
      "version": "1.1.11",
      "resolved": "https://registry.npmjs.org/brace-expansion/-/brace-expansion-1.1.11.tgz",
      "integrity": "sha512-iCuPHDFgrHX7H2vEI/5xpz07zSHB00TpugqhmYtVmMO6518mCuRMoOYFldEBl0g187ufozdaHgWKcYFb61qGiA==",
      "requires": {
        "balanced-match": "^1.0.0",
        "concat-map": "0.0.1"
      }
    },
    "colors": {
      "version": "1.4.0",
      "resolved": "https://registry.npmjs.org/colors/-/colors-1.4.0.tgz",
      "integrity": "sha512-a+UqTh4kgZg/SlGvfbzDHpgRu7AAQOmmqRHJnxhRZICKFUT91brVhNNt58CMWU9PsBbv3PDCZUHbVxuDiH2mtA=="
    },
    "concat-map": {
      "version": "0.0.1",
      "resolved": "https://registry.npmjs.org/concat-map/-/concat-map-0.0.1.tgz",
      "integrity": "sha1-2Klr13/Wjfd5OnMDajug1UBdR3s="
    },
    "iconv-lite": {
      "version": "0.6.3",
      "resolved": "https://registry.npmjs.org/iconv-lite/-/iconv-lite-0.6.3.tgz",
      "integrity": "sha512-4fCk79wshMdzMp2rH06qWrJE4iolqLhCUH+OiuIgU++RB0+94NlDL81atO7GX55uUKueo0txHNtvEyI6D7WdMw==",
      "requires": {
        "safer-buffer": ">= 2.1.2 < 3.0.0"
      }
    },
    "minimatch": {
      "version": "3.0.4",
      "resolved": "https://registry.npmjs.org/minimatch/-/minimatch-3.0.4.tgz",
      "integrity": "sha512-yJHVQEhyqPLUTgt9B83PXu6W3rx4MvvHvSUvToogpwoGDOUQ+yDrR0HRot+yOCdCO7u4hX3pWft6kWBBcqh0UA==",
      "requires": {
        "brace-expansion": "^1.1.7"
      }
    },
    "progress": {
      "version": "2.0.3",
      "resolved": "https://registry.npmjs.org/progress/-/progress-2.0.3.tgz",
      "integrity": "sha512-7PiHtLll5LdnKIMw100I+8xJXR5gW2QwWYkT6iJva0bXitZKa/XMrSbdmg3r2Xnaidz9Qumd0VPaMrZlF9V9sA=="
    },
    "safer-buffer": {
      "version": "2.1.2",
      "resolved": "https://registry.npmjs.org/safer-buffer/-/safer-buffer-2.1.2.tgz",
      "integrity": "sha512-YZo3K82SD7Riyi0E1EQPojLz7kpepnSQI9IyPbHHg1XXXevb5dJI7tpyN2ADxGcQbHG7vcyRHk0cbwqcQriUtg=="
    }
  }
}
